PODS:
  - Expecta (0.2.1)
  - OCMock (2.2)
  - Specta (0.1.9)

DEPENDENCIES:
  - Expecta (~> 0.2.1)
  - OCMock (~> 2.2)
  - Specta (~> 0.1.9)

SPEC CHECKSUMS:
  Expecta: d46fb1bd78c90a83da0158b9b1e108de106e369f
  OCMock: 5300ae6b75398fc3ae6cbf9102191333d35f6852
  Specta: 6ac5862bbff1a42269c2d582e4696f8b132d46cc

COCOAPODS: 0.22.1
