// !$*UTF8*$!
{
	archiveVersion = 1;
	classes = {
	};
	objectVersion = 46;
	objects = {

/* Begin PBXBuildFile section */
		3C8E4784178A1C7B002077B4 /* NSDisplayLinkUpdateLoop.m in Sources */ = {isa = PBXBuildFile; fileRef = 3CDC0EEC1788BA3100545601 /* NSDisplayLinkUpdateLoop.m */; };
		3C8E4786178A1C7B002077B4 /* QuartzCore.framework in Frameworks */ = {isa = PBXBuildFile; fileRef = 3CDC0EEE1788C3E800545601 /* QuartzCore.framework */; };
		3C8E4787178A1C7B002077B4 /* SenTestingKit.framework in Frameworks */ = {isa = PBXBuildFile; fileRef = 3CD3B6771789573F00AC3134 /* SenTestingKit.framework */; };
		3C8E4788178A1C7B002077B4 /* UIKit.framework in Frameworks */ = {isa = PBXBuildFile; fileRef = 3CDC0EC41788B9F700545601 /* UIKit.framework */; };
		3C8E4789178A1C7B002077B4 /* Foundation.framework in Frameworks */ = {isa = PBXBuildFile; fileRef = 3CDC0EC61788B9F700545601 /* Foundation.framework */; };
		3C8E478C178A1C7B002077B4 /* InfoPlist.strings in Resources */ = {isa = PBXBuildFile; fileRef = 3CD3B67E1789573F00AC3134 /* InfoPlist.strings */; };
		3C8E4796178A1CEA002077B4 /* NSDisplayLinkUpdateLoopTest_Basics.m in Sources */ = {isa = PBXBuildFile; fileRef = 3C8E4794178A1CE3002077B4 /* NSDisplayLinkUpdateLoopTest_Basics.m */; };
		3C8E4797178A1CEC002077B4 /* NSDisplayLinkUpdateLoopTest_Basics.m in Sources */ = {isa = PBXBuildFile; fileRef = 3C8E4794178A1CE3002077B4 /* NSDisplayLinkUpdateLoopTest_Basics.m */; };
		3C8E4798178A1CF0002077B4 /* NSDisplayLinkUpdateLoopTest_NeedScreen.m in Sources */ = {isa = PBXBuildFile; fileRef = 3C8E4795178A1CE3002077B4 /* NSDisplayLinkUpdateLoopTest_NeedScreen.m */; };
		3CCCEB4A178A254900888F69 /* libPods-NSDisplayLinkUpdateLoopTest_CommandLine.a in Frameworks */ = {isa = PBXBuildFile; fileRef = 0E29890F3DAB439BB746FFA6 /* libPods-NSDisplayLinkUpdateLoopTest_CommandLine.a */; };
		3CD3B6781789573F00AC3134 /* SenTestingKit.framework in Frameworks */ = {isa = PBXBuildFile; fileRef = 3CD3B6771789573F00AC3134 /* SenTestingKit.framework */; };
		3CD3B6791789573F00AC3134 /* UIKit.framework in Frameworks */ = {isa = PBXBuildFile; fileRef = 3CDC0EC41788B9F700545601 /* UIKit.framework */; };
		3CD3B67A1789573F00AC3134 /* Foundation.framework in Frameworks */ = {isa = PBXBuildFile; fileRef = 3CDC0EC61788B9F700545601 /* Foundation.framework */; };
		3CD3B6801789573F00AC3134 /* InfoPlist.strings in Resources */ = {isa = PBXBuildFile; fileRef = 3CD3B67E1789573F00AC3134 /* InfoPlist.strings */; };
		3CD3B68A1789640100AC3134 /* NSDisplayLinkUpdateLoop.m in Sources */ = {isa = PBXBuildFile; fileRef = 3CDC0EEC1788BA3100545601 /* NSDisplayLinkUpdateLoop.m */; };
		3CD3B68B1789641900AC3134 /* QuartzCore.framework in Frameworks */ = {isa = PBXBuildFile; fileRef = 3CDC0EEE1788C3E800545601 /* QuartzCore.framework */; };
		3CDC0EC51788B9F700545601 /* UIKit.framework in Frameworks */ = {isa = PBXBuildFile; fileRef = 3CDC0EC41788B9F700545601 /* UIKit.framework */; };
		3CDC0EC71788B9F700545601 /* Foundation.framework in Frameworks */ = {isa = PBXBuildFile; fileRef = 3CDC0EC61788B9F700545601 /* Foundation.framework */; };
		3CDC0EC91788B9F700545601 /* CoreGraphics.framework in Frameworks */ = {isa = PBXBuildFile; fileRef = 3CDC0EC81788B9F700545601 /* CoreGraphics.framework */; };
		3CDC0ECF1788B9F700545601 /* InfoPlist.strings in Resources */ = {isa = PBXBuildFile; fileRef = 3CDC0ECD1788B9F700545601 /* InfoPlist.strings */; };
		3CDC0ED11788B9F700545601 /* main.m in Sources */ = {isa = PBXBuildFile; fileRef = 3CDC0ED01788B9F700545601 /* main.m */; };
		3CDC0ED51788B9F700545601 /* AppDelegate.m in Sources */ = {isa = PBXBuildFile; fileRef = 3CDC0ED41788B9F700545601 /* AppDelegate.m */; };
		3CDC0ED71788B9F700545601 /* Default.png in Resources */ = {isa = PBXBuildFile; fileRef = 3CDC0ED61788B9F700545601 /* Default.png */; };
		3CDC0ED91788B9F700545601 /* Default@2x.png in Resources */ = {isa = PBXBuildFile; fileRef = 3CDC0ED81788B9F700545601 /* Default@2x.png */; };
		3CDC0EDB1788B9F700545601 /* Default-568h@2x.png in Resources */ = {isa = PBXBuildFile; fileRef = 3CDC0EDA1788B9F700545601 /* Default-568h@2x.png */; };
		3CDC0EDE1788B9F700545601 /* ViewController.m in Sources */ = {isa = PBXBuildFile; fileRef = 3CDC0EDD1788B9F700545601 /* ViewController.m */; };
		3CDC0EE11788B9F700545601 /* ViewController.xib in Resources */ = {isa = PBXBuildFile; fileRef = 3CDC0EDF1788B9F700545601 /* ViewController.xib */; };
		3CDC0EED1788BA3100545601 /* NSDisplayLinkUpdateLoop.m in Sources */ = {isa = PBXBuildFile; fileRef = 3CDC0EEC1788BA3100545601 /* NSDisplayLinkUpdateLoop.m */; };
		3CDC0EF41788C4AE00545601 /* QuartzCore.framework in Frameworks */ = {isa = PBXBuildFile; fileRef = 3CDC0EEE1788C3E800545601 /* QuartzCore.framework */; };
		3CDC0EF71788CFAD00545601 /* UpdateLabelViewController.m in Sources */ = {isa = PBXBuildFile; fileRef = 3CDC0EF61788CFAD00545601 /* UpdateLabelViewController.m */; };
		C31A0EB43FA84174A0AD4174 /* libPods-NSDisplayLinkUpdateLoopTest_ScreenAvailable.a in Frameworks */ = {isa = PBXBuildFile; fileRef = 1F13DC220E7F418DB865EF50 /* libPods-NSDisplayLinkUpdateLoopTest_ScreenAvailable.a */; };
/* End PBXBuildFile section */

/* Begin PBXFileReference section */
		0401575D82F747CA9737A0E9 /* ../Pods/Pods-NSDisplayLinkUpdateLoopTest_ScreenAvailable.xcconfig */ = {isa = PBXFileReference; includeInIndex = 1; lastKnownFileType = text.xcconfig; path = "../Pods/Pods-NSDisplayLinkUpdateLoopTest_ScreenAvailable.xcconfig"; sourceTree = SOURCE_ROOT; };
		0E29890F3DAB439BB746FFA6 /* libPods-NSDisplayLinkUpdateLoopTest_CommandLine.a */ = {isa = PBXFileReference; explicitFileType = archive.ar; includeInIndex = 0; path = "libPods-NSDisplayLinkUpdateLoopTest_CommandLine.a"; sourceTree = BUILT_PRODUCTS_DIR; };
		1F13DC220E7F418DB865EF50 /* libPods-NSDisplayLinkUpdateLoopTest_ScreenAvailable.a */ = {isa = PBXFileReference; explicitFileType = archive.ar; includeInIndex = 0; path = "libPods-NSDisplayLinkUpdateLoopTest_ScreenAvailable.a"; sourceTree = BUILT_PRODUCTS_DIR; };
		2FDB705BB55C48C991E44F23 /* libPods-NSDisplayLinkUpdateLoopTest.a */ = {isa = PBXFileReference; explicitFileType = archive.ar; includeInIndex = 0; path = "libPods-NSDisplayLinkUpdateLoopTest.a"; sourceTree = BUILT_PRODUCTS_DIR; };
		3C8E4792178A1C7B002077B4 /* NSDisplayLinkUpdateLoopTest_CommandLine.octest */ = {isa = PBXFileReference; explicitFileType = wrapper.cfbundle; includeInIndex = 0; path = NSDisplayLinkUpdateLoopTest_CommandLine.octest; sourceTree = BUILT_PRODUCTS_DIR; };
		3C8E4794178A1CE3002077B4 /* NSDisplayLinkUpdateLoopTest_Basics.m */ = {isa = PBXFileReference; lastKnownFileType = sourcecode.c.objc; path = NSDisplayLinkUpdateLoopTest_Basics.m; sourceTree = "<group>"; };
		3C8E4795178A1CE3002077B4 /* NSDisplayLinkUpdateLoopTest_NeedScreen.m */ = {isa = PBXFileReference; lastKnownFileType = sourcecode.c.objc; path = NSDisplayLinkUpdateLoopTest_NeedScreen.m; sourceTree = "<group>"; };
		3CD3B6761789573F00AC3134 /* NSDisplayLinkUpdateLoopTest_ScreenAvailable.octest */ = {isa = PBXFileReference; explicitFileType = wrapper.cfbundle; includeInIndex = 0; path = NSDisplayLinkUpdateLoopTest_ScreenAvailable.octest; sourceTree = BUILT_PRODUCTS_DIR; };
		3CD3B6771789573F00AC3134 /* SenTestingKit.framework */ = {isa = PBXFileReference; lastKnownFileType = wrapper.framework; name = SenTestingKit.framework; path = Library/Frameworks/SenTestingKit.framework; sourceTree = DEVELOPER_DIR; };
		3CD3B67D1789573F00AC3134 /* NSDisplayLinkUpdateLoopTest-Info.plist */ = {isa = PBXFileReference; lastKnownFileType = text.plist.xml; path = "NSDisplayLinkUpdateLoopTest-Info.plist"; sourceTree = "<group>"; };
		3CD3B67F1789573F00AC3134 /* en */ = {isa = PBXFileReference; lastKnownFileType = text.plist.strings; name = en; path = en.lproj/InfoPlist.strings; sourceTree = "<group>"; };
		3CD3B6841789573F00AC3134 /* NSDisplayLinkUpdateLoopTest-Prefix.pch */ = {isa = PBXFileReference; lastKnownFileType = sourcecode.c.h; path = "NSDisplayLinkUpdateLoopTest-Prefix.pch"; sourceTree = "<group>"; };
		3CDC0EC11788B9F700545601 /* NSDisplayLinkUpdateLoopDemo.app */ = {isa = PBXFileReference; explicitFileType = wrapper.application; includeInIndex = 0; path = NSDisplayLinkUpdateLoopDemo.app; sourceTree = BUILT_PRODUCTS_DIR; };
		3CDC0EC41788B9F700545601 /* UIKit.framework */ = {isa = PBXFileReference; lastKnownFileType = wrapper.framework; name = UIKit.framework; path = System/Library/Frameworks/UIKit.framework; sourceTree = SDKROOT; };
		3CDC0EC61788B9F700545601 /* Foundation.framework */ = {isa = PBXFileReference; lastKnownFileType = wrapper.framework; name = Foundation.framework; path = System/Library/Frameworks/Foundation.framework; sourceTree = SDKROOT; };
		3CDC0EC81788B9F700545601 /* CoreGraphics.framework */ = {isa = PBXFileReference; lastKnownFileType = wrapper.framework; name = CoreGraphics.framework; path = System/Library/Frameworks/CoreGraphics.framework; sourceTree = SDKROOT; };
		3CDC0ECC1788B9F700545601 /* NSDisplayLinkUpdateLoopDemo-Info.plist */ = {isa = PBXFileReference; lastKnownFileType = text.plist.xml; path = "NSDisplayLinkUpdateLoopDemo-Info.plist"; sourceTree = "<group>"; };
		3CDC0ECE1788B9F700545601 /* en */ = {isa = PBXFileReference; lastKnownFileType = text.plist.strings; name = en; path = en.lproj/InfoPlist.strings; sourceTree = "<group>"; };
		3CDC0ED01788B9F700545601 /* main.m */ = {isa = PBXFileReference; lastKnownFileType = sourcecode.c.objc; path = main.m; sourceTree = "<group>"; };
		3CDC0ED21788B9F700545601 /* NSDisplayLinkUpdateLoopDemo-Prefix.pch */ = {isa = PBXFileReference; lastKnownFileType = sourcecode.c.h; path = "NSDisplayLinkUpdateLoopDemo-Prefix.pch"; sourceTree = "<group>"; };
		3CDC0ED31788B9F700545601 /* AppDelegate.h */ = {isa = PBXFileReference; lastKnownFileType = sourcecode.c.h; path = AppDelegate.h; sourceTree = "<group>"; };
		3CDC0ED41788B9F700545601 /* AppDelegate.m */ = {isa = PBXFileReference; lastKnownFileType = sourcecode.c.objc; path = AppDelegate.m; sourceTree = "<group>"; };
		3CDC0ED61788B9F700545601 /* Default.png */ = {isa = PBXFileReference; lastKnownFileType = image.png; path = Default.png; sourceTree = "<group>"; };
		3CDC0ED81788B9F700545601 /* Default@2x.png */ = {isa = PBXFileReference; lastKnownFileType = image.png; path = "Default@2x.png"; sourceTree = "<group>"; };
		3CDC0EDA1788B9F700545601 /* Default-568h@2x.png */ = {isa = PBXFileReference; lastKnownFileType = image.png; path = "Default-568h@2x.png"; sourceTree = "<group>"; };
		3CDC0EDC1788B9F700545601 /* ViewController.h */ = {isa = PBXFileReference; lastKnownFileType = sourcecode.c.h; path = ViewController.h; sourceTree = "<group>"; };
		3CDC0EDD1788B9F700545601 /* ViewController.m */ = {isa = PBXFileReference; lastKnownFileType = sourcecode.c.objc; path = ViewController.m; sourceTree = "<group>"; };
		3CDC0EE01788B9F700545601 /* en */ = {isa = PBXFileReference; lastKnownFileType = file.xib; name = en; path = en.lproj/ViewController.xib; sourceTree = "<group>"; };
		3CDC0EEB1788BA3100545601 /* NSDisplayLinkUpdateLoop.h */ = {isa = PBXFileReference; fileEncoding = 4; lastKnownFileType = sourcecode.c.h; path = NSDisplayLinkUpdateLoop.h; sourceTree = "<group>"; };
		3CDC0EEC1788BA3100545601 /* NSDisplayLinkUpdateLoop.m */ = {isa = PBXFileReference; fileEncoding = 4; lastKnownFileType = sourcecode.c.objc; path = NSDisplayLinkUpdateLoop.m; sourceTree = "<group>"; };
		3CDC0EEE1788C3E800545601 /* QuartzCore.framework */ = {isa = PBXFileReference; lastKnownFileType = wrapper.framework; name = QuartzCore.framework; path = System/Library/Frameworks/QuartzCore.framework; sourceTree = SDKROOT; };
		3CDC0EF01788C46300545601 /* CoreVideo.framework */ = {isa = PBXFileReference; lastKnownFileType = wrapper.framework; name = CoreVideo.framework; path = System/Library/Frameworks/CoreVideo.framework; sourceTree = SDKROOT; };
		3CDC0EF21788C47000545601 /* AVFoundation.framework */ = {isa = PBXFileReference; lastKnownFileType = wrapper.framework; name = AVFoundation.framework; path = System/Library/Frameworks/AVFoundation.framework; sourceTree = SDKROOT; };
		3CDC0EF51788CFAD00545601 /* UpdateLabelViewController.h */ = {isa = PBXFileReference; fileEncoding = 4; lastKnownFileType = sourcecode.c.h; path = UpdateLabelViewController.h; sourceTree = "<group>"; };
		3CDC0EF61788CFAD00545601 /* UpdateLabelViewController.m */ = {isa = PBXFileReference; fileEncoding = 4; lastKnownFileType = sourcecode.c.objc; path = UpdateLabelViewController.m; sourceTree = "<group>"; };
		526242F45360402BB0A86E4C /* ../Pods/Pods-NSDisplayLinkUpdateLoopTest_CommandLine.xcconfig */ = {isa = PBXFileReference; includeInIndex = 1; lastKnownFileType = text.xcconfig; path = "../Pods/Pods-NSDisplayLinkUpdateLoopTest_CommandLine.xcconfig"; sourceTree = SOURCE_ROOT; };
/* End PBXFileReference section */

/* Begin PBXFrameworksBuildPhase section */
		3C8E4785178A1C7B002077B4 /* Frameworks */ = {
			isa = PBXFrameworksBuildPhase;
			buildActionMask = 2147483647;
			files = (
				3C8E4786178A1C7B002077B4 /* QuartzCore.framework in Frameworks */,
				3C8E4787178A1C7B002077B4 /* SenTestingKit.framework in Frameworks */,
				3C8E4788178A1C7B002077B4 /* UIKit.framework in Frameworks */,
				3C8E4789178A1C7B002077B4 /* Foundation.framework in Frameworks */,
				3CCCEB4A178A254900888F69 /* libPods-NSDisplayLinkUpdateLoopTest_CommandLine.a in Frameworks */,
			);
			runOnlyForDeploymentPostprocessing = 0;
		};
		3CD3B6721789573F00AC3134 /* Frameworks */ = {
			isa = PBXFrameworksBuildPhase;
			buildActionMask = 2147483647;
			files = (
				3CD3B68B1789641900AC3134 /* QuartzCore.framework in Frameworks */,
				3CD3B6781789573F00AC3134 /* SenTestingKit.framework in Frameworks */,
				3CD3B6791789573F00AC3134 /* UIKit.framework in Frameworks */,
				3CD3B67A1789573F00AC3134 /* Foundation.framework in Frameworks */,
				C31A0EB43FA84174A0AD4174 /* libPods-NSDisplayLinkUpdateLoopTest_ScreenAvailable.a in Frameworks */,
			);
			runOnlyForDeploymentPostprocessing = 0;
		};
		3CDC0EBE1788B9F700545601 /* Frameworks */ = {
			isa = PBXFrameworksBuildPhase;
			buildActionMask = 2147483647;
			files = (
				3CDC0EF41788C4AE00545601 /* QuartzCore.framework in Frameworks */,
				3CDC0EC91788B9F700545601 /* CoreGraphics.framework in Frameworks */,
				3CDC0EC51788B9F700545601 /* UIKit.framework in Frameworks */,
				3CDC0EC71788B9F700545601 /* Foundation.framework in Frameworks */,
			);
			runOnlyForDeploymentPostprocessing = 0;
		};
/* End PBXFrameworksBuildPhase section */

/* Begin PBXGroup section */
		3CD3B67B1789573F00AC3134 /* NSDisplayLinkUpdateLoopTest */ = {
			isa = PBXGroup;
			children = (
				3C8E4794178A1CE3002077B4 /* NSDisplayLinkUpdateLoopTest_Basics.m */,
				3C8E4795178A1CE3002077B4 /* NSDisplayLinkUpdateLoopTest_NeedScreen.m */,
				3CD3B67C1789573F00AC3134 /* Supporting Files */,
			);
			path = NSDisplayLinkUpdateLoopTest;
			sourceTree = "<group>";
		};
		3CD3B67C1789573F00AC3134 /* Supporting Files */ = {
			isa = PBXGroup;
			children = (
				3CD3B67D1789573F00AC3134 /* NSDisplayLinkUpdateLoopTest-Info.plist */,
				3CD3B67E1789573F00AC3134 /* InfoPlist.strings */,
				3CD3B6841789573F00AC3134 /* NSDisplayLinkUpdateLoopTest-Prefix.pch */,
			);
			name = "Supporting Files";
			sourceTree = "<group>";
		};
		3CDC0EB81788B9F700545601 = {
			isa = PBXGroup;
			children = (
				3CDC0EF21788C47000545601 /* AVFoundation.framework */,
				3CDC0EF01788C46300545601 /* CoreVideo.framework */,
				3CDC0EEE1788C3E800545601 /* QuartzCore.framework */,
				3CDC0EEA1788BA2200545601 /* NSDisplayLinkUpdateLoop */,
				3CDC0ECA1788B9F700545601 /* NSDisplayLinkUpdateLoopDemo */,
				3CD3B67B1789573F00AC3134 /* NSDisplayLinkUpdateLoopTest */,
				3CDC0EC31788B9F700545601 /* Frameworks */,
				3CDC0EC21788B9F700545601 /* Products */,
				526242F45360402BB0A86E4C /* ../Pods/Pods-NSDisplayLinkUpdateLoopTest_CommandLine.xcconfig */,
				0401575D82F747CA9737A0E9 /* ../Pods/Pods-NSDisplayLinkUpdateLoopTest_ScreenAvailable.xcconfig */,
			);
			sourceTree = "<group>";
		};
		3CDC0EC21788B9F700545601 /* Products */ = {
			isa = PBXGroup;
			children = (
				3CDC0EC11788B9F700545601 /* NSDisplayLinkUpdateLoopDemo.app */,
				3CD3B6761789573F00AC3134 /* NSDisplayLinkUpdateLoopTest_ScreenAvailable.octest */,
				3C8E4792178A1C7B002077B4 /* NSDisplayLinkUpdateLoopTest_CommandLine.octest */,
			);
			name = Products;
			sourceTree = "<group>";
		};
		3CDC0EC31788B9F700545601 /* Frameworks */ = {
			isa = PBXGroup;
			children = (
				3CDC0EC41788B9F700545601 /* UIKit.framework */,
				3CDC0EC61788B9F700545601 /* Foundation.framework */,
				3CDC0EC81788B9F700545601 /* CoreGraphics.framework */,
				3CD3B6771789573F00AC3134 /* SenTestingKit.framework */,
				2FDB705BB55C48C991E44F23 /* libPods-NSDisplayLinkUpdateLoopTest.a */,
				0E29890F3DAB439BB746FFA6 /* libPods-NSDisplayLinkUpdateLoopTest_CommandLine.a */,
				1F13DC220E7F418DB865EF50 /* libPods-NSDisplayLinkUpdateLoopTest_ScreenAvailable.a */,
			);
			name = Frameworks;
			sourceTree = "<group>";
		};
		3CDC0ECA1788B9F700545601 /* NSDisplayLinkUpdateLoopDemo */ = {
			isa = PBXGroup;
			children = (
				3CDC0ED31788B9F700545601 /* AppDelegate.h */,
				3CDC0ED41788B9F700545601 /* AppDelegate.m */,
				3CDC0EDC1788B9F700545601 /* ViewController.h */,
				3CDC0EDD1788B9F700545601 /* ViewController.m */,
				3CDC0EDF1788B9F700545601 /* ViewController.xib */,
				3CDC0EF51788CFAD00545601 /* UpdateLabelViewController.h */,
				3CDC0EF61788CFAD00545601 /* UpdateLabelViewController.m */,
				3CDC0ECB1788B9F700545601 /* Supporting Files */,
			);
			path = NSDisplayLinkUpdateLoopDemo;
			sourceTree = "<group>";
		};
		3CDC0ECB1788B9F700545601 /* Supporting Files */ = {
			isa = PBXGroup;
			children = (
				3CDC0ECC1788B9F700545601 /* NSDisplayLinkUpdateLoopDemo-Info.plist */,
				3CDC0ECD1788B9F700545601 /* InfoPlist.strings */,
				3CDC0ED01788B9F700545601 /* main.m */,
				3CDC0ED21788B9F700545601 /* NSDisplayLinkUpdateLoopDemo-Prefix.pch */,
				3CDC0ED61788B9F700545601 /* Default.png */,
				3CDC0ED81788B9F700545601 /* Default@2x.png */,
				3CDC0EDA1788B9F700545601 /* Default-568h@2x.png */,
			);
			name = "Supporting Files";
			sourceTree = "<group>";
		};
		3CDC0EEA1788BA2200545601 /* NSDisplayLinkUpdateLoop */ = {
			isa = PBXGroup;
			children = (
				3CDC0EEB1788BA3100545601 /* NSDisplayLinkUpdateLoop.h */,
				3CDC0EEC1788BA3100545601 /* NSDisplayLinkUpdateLoop.m */,
			);
			name = NSDisplayLinkUpdateLoop;
			path = ../NSDisplayLinkUpdateLoop;
			sourceTree = "<group>";
		};
/* End PBXGroup section */

/* Begin PBXNativeTarget section */
		3C8E4780178A1C7B002077B4 /* NSDisplayLinkUpdateLoopTest_CommandLine */ = {
			isa = PBXNativeTarget;
			buildConfigurationList = 3C8E478F178A1C7B002077B4 /* Build configuration list for PBXNativeTarget "NSDisplayLinkUpdateLoopTest_CommandLine" */;
			buildPhases = (
				3C8E4781178A1C7B002077B4 /* Check Pods Manifest.lock */,
				3C8E4782178A1C7B002077B4 /* Sources */,
				3C8E4785178A1C7B002077B4 /* Frameworks */,
				3C8E478B178A1C7B002077B4 /* Resources */,
				3C8E478D178A1C7B002077B4 /* ShellScript */,
				3C8E478E178A1C7B002077B4 /* Copy Pods Resources */,
			);
			buildRules = (
			);
			dependencies = (
			);
			name = NSDisplayLinkUpdateLoopTest_CommandLine;
			productName = NSDisplayLinkUpdateLoopTest;
			productReference = 3C8E4792178A1C7B002077B4 /* NSDisplayLinkUpdateLoopTest_CommandLine.octest */;
			productType = "com.apple.product-type.bundle";
		};
		3CD3B6751789573F00AC3134 /* NSDisplayLinkUpdateLoopTest_ScreenAvailable */ = {
			isa = PBXNativeTarget;
			buildConfigurationList = 3CD3B6871789573F00AC3134 /* Build configuration list for PBXNativeTarget "NSDisplayLinkUpdateLoopTest_ScreenAvailable" */;
			buildPhases = (
				E263DC2C39F84D1585A2577B /* Check Pods Manifest.lock */,
				3CD3B6711789573F00AC3134 /* Sources */,
				3CD3B6721789573F00AC3134 /* Frameworks */,
				3CD3B6731789573F00AC3134 /* Resources */,
				3CD3B6741789573F00AC3134 /* ShellScript */,
				1DBC8394514C4E84AB53CA7F /* Copy Pods Resources */,
			);
			buildRules = (
			);
			dependencies = (
			);
			name = NSDisplayLinkUpdateLoopTest_ScreenAvailable;
			productName = NSDisplayLinkUpdateLoopTest;
			productReference = 3CD3B6761789573F00AC3134 /* NSDisplayLinkUpdateLoopTest_ScreenAvailable.octest */;
			productType = "com.apple.product-type.bundle";
		};
		3CDC0EC01788B9F700545601 /* NSDisplayLinkUpdateLoopDemo */ = {
			isa = PBXNativeTarget;
			buildConfigurationList = 3CDC0EE71788B9F700545601 /* Build configuration list for PBXNativeTarget "NSDisplayLinkUpdateLoopDemo" */;
			buildPhases = (
				3CDC0EBD1788B9F700545601 /* Sources */,
				3CDC0EBE1788B9F700545601 /* Frameworks */,
				3CDC0EBF1788B9F700545601 /* Resources */,
			);
			buildRules = (
			);
			dependencies = (
			);
			name = NSDisplayLinkUpdateLoopDemo;
			productName = NSUpdateLoopDemo;
			productReference = 3CDC0EC11788B9F700545601 /* NSDisplayLinkUpdateLoopDemo.app */;
			productType = "com.apple.product-type.application";
		};
/* End PBXNativeTarget section */

/* Begin PBXProject section */
		3CDC0EB91788B9F700545601 /* Project object */ = {
			isa = PBXProject;
			attributes = {
				LastTestingUpgradeCheck = 0510;
				LastUpgradeCheck = 0510;
				ORGANIZATIONNAME = Adorkable;
			};
			buildConfigurationList = 3CDC0EBC1788B9F700545601 /* Build configuration list for PBXProject "NSDisplayLinkUpdateLoopDemo" */;
			compatibilityVersion = "Xcode 3.2";
			developmentRegion = English;
			hasScannedForEncodings = 0;
			knownRegions = (
				en,
			);
			mainGroup = 3CDC0EB81788B9F700545601;
			productRefGroup = 3CDC0EC21788B9F700545601 /* Products */;
			projectDirPath = "";
			projectRoot = "";
			targets = (
				3CDC0EC01788B9F700545601 /* NSDisplayLinkUpdateLoopDemo */,
				3CD3B6751789573F00AC3134 /* NSDisplayLinkUpdateLoopTest_ScreenAvailable */,
				3C8E4780178A1C7B002077B4 /* NSDisplayLinkUpdateLoopTest_CommandLine */,
			);
		};
/* End PBXProject section */

/* Begin PBXResourcesBuildPhase section */
		3C8E478B178A1C7B002077B4 /* Resources */ = {
			isa = PBXResourcesBuildPhase;
			buildActionMask = 2147483647;
			files = (
				3C8E478C178A1C7B002077B4 /* InfoPlist.strings in Resources */,
			);
			runOnlyForDeploymentPostprocessing = 0;
		};
		3CD3B6731789573F00AC3134 /* Resources */ = {
			isa = PBXResourcesBuildPhase;
			buildActionMask = 2147483647;
			files = (
				3CD3B6801789573F00AC3134 /* InfoPlist.strings in Resources */,
			);
			runOnlyForDeploymentPostprocessing = 0;
		};
		3CDC0EBF1788B9F700545601 /* Resources */ = {
			isa = PBXResourcesBuildPhase;
			buildActionMask = 2147483647;
			files = (
				3CDC0ECF1788B9F700545601 /* InfoPlist.strings in Resources */,
				3CDC0ED71788B9F700545601 /* Default.png in Resources */,
				3CDC0ED91788B9F700545601 /* Default@2x.png in Resources */,
				3CDC0EDB1788B9F700545601 /* Default-568h@2x.png in Resources */,
				3CDC0EE11788B9F700545601 /* ViewController.xib in Resources */,
			);
			runOnlyForDeploymentPostprocessing = 0;
		};
/* End PBXResourcesBuildPhase section */

/* Begin PBXShellScriptBuildPhase section */
		1DBC8394514C4E84AB53CA7F /* Copy Pods Resources */ = {
			isa = PBXShellScriptBuildPhase;
			buildActionMask = 2147483647;
			files = (
			);
			inputPaths = (
			);
			name = "Copy Pods Resources";
			outputPaths = (
			);
			runOnlyForDeploymentPostprocessing = 0;
			shellPath = /bin/sh;
			shellScript = "\"${SRCROOT}/../Pods/Pods-NSDisplayLinkUpdateLoopTest_ScreenAvailable-resources.sh\"\n";
			showEnvVarsInLog = 0;
		};
		3C8E4781178A1C7B002077B4 /* Check Pods Manifest.lock */ = {
			isa = PBXShellScriptBuildPhase;
			buildActionMask = 2147483647;
			files = (
			);
			inputPaths = (
			);
			name = "Check Pods Manifest.lock";
			outputPaths = (
			);
			runOnlyForDeploymentPostprocessing = 0;
			shellPath = /bin/sh;
			shellScript = "diff \"${PODS_ROOT}/../Podfile.lock\" \"${PODS_ROOT}/Manifest.lock\" > /dev/null\nif [[ $? != 0 ]] ; then\n    cat << EOM\nerror: The sandbox is not in sync with the Podfile.lock. Run 'pod install' or update your CocoaPods installation.\nEOM\n    exit 1\nfi\n";
			showEnvVarsInLog = 0;
		};
		3C8E478D178A1C7B002077B4 /* ShellScript */ = {
			isa = PBXShellScriptBuildPhase;
			buildActionMask = 2147483647;
			files = (
			);
			inputPaths = (
			);
			outputPaths = (
			);
			runOnlyForDeploymentPostprocessing = 0;
			shellPath = /bin/sh;
			shellScript = "# Run the unit tests in this test bundle.\n\"${SYSTEM_DEVELOPER_DIR}/Tools/RunUnitTests\"\n";
		};
		3C8E478E178A1C7B002077B4 /* Copy Pods Resources */ = {
			isa = PBXShellScriptBuildPhase;
			buildActionMask = 2147483647;
			files = (
			);
			inputPaths = (
			);
			name = "Copy Pods Resources";
			outputPaths = (
			);
			runOnlyForDeploymentPostprocessing = 0;
			shellPath = /bin/sh;
			shellScript = "\"${SRCROOT}/../Pods/Pods-NSDisplayLinkUpdateLoopTest_CommandLine-resources.sh\"\n";
			showEnvVarsInLog = 0;
		};
		3CD3B6741789573F00AC3134 /* ShellScript */ = {
			isa = PBXShellScriptBuildPhase;
			buildActionMask = 2147483647;
			files = (
			);
			inputPaths = (
			);
			outputPaths = (
			);
			runOnlyForDeploymentPostprocessing = 0;
			shellPath = /bin/sh;
			shellScript = "# Run the unit tests in this test bundle.\n\"${SYSTEM_DEVELOPER_DIR}/Tools/RunUnitTests\"\n";
		};
		E263DC2C39F84D1585A2577B /* Check Pods Manifest.lock */ = {
			isa = PBXShellScriptBuildPhase;
			buildActionMask = 2147483647;
			files = (
			);
			inputPaths = (
			);
			name = "Check Pods Manifest.lock";
			outputPaths = (
			);
			runOnlyForDeploymentPostprocessing = 0;
			shellPath = /bin/sh;
			shellScript = "diff \"${PODS_ROOT}/../Podfile.lock\" \"${PODS_ROOT}/Manifest.lock\" > /dev/null\nif [[ $? != 0 ]] ; then\n    cat << EOM\nerror: The sandbox is not in sync with the Podfile.lock. Run 'pod install' or update your CocoaPods installation.\nEOM\n    exit 1\nfi\n";
			showEnvVarsInLog = 0;
		};
/* End PBXShellScriptBuildPhase section */

/* Begin PBXSourcesBuildPhase section */
		3C8E4782178A1C7B002077B4 /* Sources */ = {
			isa = PBXSourcesBuildPhase;
			buildActionMask = 2147483647;
			files = (
				3C8E4784178A1C7B002077B4 /* NSDisplayLinkUpdateLoop.m in Sources */,
				3C8E4797178A1CEC002077B4 /* NSDisplayLinkUpdateLoopTest_Basics.m in Sources */,
			);
			runOnlyForDeploymentPostprocessing = 0;
		};
		3CD3B6711789573F00AC3134 /* Sources */ = {
			isa = PBXSourcesBuildPhase;
			buildActionMask = 2147483647;
			files = (
				3CD3B68A1789640100AC3134 /* NSDisplayLinkUpdateLoop.m in Sources */,
				3C8E4796178A1CEA002077B4 /* NSDisplayLinkUpdateLoopTest_Basics.m in Sources */,
				3C8E4798178A1CF0002077B4 /* NSDisplayLinkUpdateLoopTest_NeedScreen.m in Sources */,
			);
			runOnlyForDeploymentPostprocessing = 0;
		};
		3CDC0EBD1788B9F700545601 /* Sources */ = {
			isa = PBXSourcesBuildPhase;
			buildActionMask = 2147483647;
			files = (
				3CDC0ED11788B9F700545601 /* main.m in Sources */,
				3CDC0ED51788B9F700545601 /* AppDelegate.m in Sources */,
				3CDC0EDE1788B9F700545601 /* ViewController.m in Sources */,
				3CDC0EED1788BA3100545601 /* NSDisplayLinkUpdateLoop.m in Sources */,
				3CDC0EF71788CFAD00545601 /* UpdateLabelViewController.m in Sources */,
			);
			runOnlyForDeploymentPostprocessing = 0;
		};
/* End PBXSourcesBuildPhase section */

/* Begin PBXVariantGroup section */
		3CD3B67E1789573F00AC3134 /* InfoPlist.strings */ = {
			isa = PBXVariantGroup;
			children = (
				3CD3B67F1789573F00AC3134 /* en */,
			);
			name = InfoPlist.strings;
			sourceTree = "<group>";
		};
		3CDC0ECD1788B9F700545601 /* InfoPlist.strings */ = {
			isa = PBXVariantGroup;
			children = (
				3CDC0ECE1788B9F700545601 /* en */,
			);
			name = InfoPlist.strings;
			sourceTree = "<group>";
		};
		3CDC0EDF1788B9F700545601 /* ViewController.xib */ = {
			isa = PBXVariantGroup;
			children = (
				3CDC0EE01788B9F700545601 /* en */,
			);
			name = ViewController.xib;
			sourceTree = "<group>";
		};
/* End PBXVariantGroup section */

/* Begin XCBuildConfiguration section */
		3C8E4790178A1C7B002077B4 /* Debug */ = {
			isa = XCBuildConfiguration;
			baseConfigurationReference = 526242F45360402BB0A86E4C /* ../Pods/Pods-NSDisplayLinkUpdateLoopTest_CommandLine.xcconfig */;
			buildSettings = {
				GCC_PRECOMPILE_PREFIX_HEADER = YES;
				GCC_PREFIX_HEADER = "NSDisplayLinkUpdateLoopTest/NSDisplayLinkUpdateLoopTest-Prefix.pch";
				INFOPLIST_FILE = "NSDisplayLinkUpdateLoopTest/NSDisplayLinkUpdateLoopTest-Info.plist";
				PRODUCT_NAME = "$(TARGET_NAME)";
				SDKROOT = iphonesimulator;
				WRAPPER_EXTENSION = octest;
			};
			name = Debug;
		};
		3C8E4791178A1C7B002077B4 /* Release */ = {
			isa = XCBuildConfiguration;
			baseConfigurationReference = 526242F45360402BB0A86E4C /* ../Pods/Pods-NSDisplayLinkUpdateLoopTest_CommandLine.xcconfig */;
			buildSettings = {
				GCC_PRECOMPILE_PREFIX_HEADER = YES;
				GCC_PREFIX_HEADER = "NSDisplayLinkUpdateLoopTest/NSDisplayLinkUpdateLoopTest-Prefix.pch";
				INFOPLIST_FILE = "NSDisplayLinkUpdateLoopTest/NSDisplayLinkUpdateLoopTest-Info.plist";
				PRODUCT_NAME = "$(TARGET_NAME)";
				SDKROOT = iphonesimulator;
				WRAPPER_EXTENSION = octest;
			};
			name = Release;
		};
		3CD3B6851789573F00AC3134 /* Debug */ = {
			isa = XCBuildConfiguration;
			baseConfigurationReference = 0401575D82F747CA9737A0E9 /* ../Pods/Pods-NSDisplayLinkUpdateLoopTest_ScreenAvailable.xcconfig */;
			buildSettings = {
				GCC_PRECOMPILE_PREFIX_HEADER = YES;
				GCC_PREFIX_HEADER = "NSDisplayLinkUpdateLoopTest/NSDisplayLinkUpdateLoopTest-Prefix.pch";
				INFOPLIST_FILE = "NSDisplayLinkUpdateLoopTest/NSDisplayLinkUpdateLoopTest-Info.plist";
				PRODUCT_NAME = "$(TARGET_NAME)";
				WRAPPER_EXTENSION = octest;
			};
			name = Debug;
		};
		3CD3B6861789573F00AC3134 /* Release */ = {
			isa = XCBuildConfiguration;
			baseConfigurationReference = 0401575D82F747CA9737A0E9 /* ../Pods/Pods-NSDisplayLinkUpdateLoopTest_ScreenAvailable.xcconfig */;
			buildSettings = {
				GCC_PRECOMPILE_PREFIX_HEADER = YES;
				GCC_PREFIX_HEADER = "NSDisplayLinkUpdateLoopTest/NSDisplayLinkUpdateLoopTest-Prefix.pch";
				INFOPLIST_FILE = "NSDisplayLinkUpdateLoopTest/NSDisplayLinkUpdateLoopTest-Info.plist";
				PRODUCT_NAME = "$(TARGET_NAME)";
				WRAPPER_EXTENSION = octest;
			};
			name = Release;
		};
		3CDC0EE51788B9F700545601 /* Debug */ = {
			isa = XCBuildConfiguration;
			buildSettings = {
				ALWAYS_SEARCH_USER_PATHS = NO;
				CLANG_CXX_LANGUAGE_STANDARD = "gnu++0x";
				CLANG_CXX_LIBRARY = "libc++";
				CLANG_WARN_CONSTANT_CONVERSION = YES;
				CLANG_WARN_EMPTY_BODY = YES;
				CLANG_WARN_ENUM_CONVERSION = YES;
				CLANG_WARN_INT_CONVERSION = YES;
				CLANG_WARN__DUPLICATE_METHOD_MATCH = YES;
				"CODE_SIGN_IDENTITY[sdk=iphoneos*]" = "iPhone Developer";
				COPY_PHASE_STRIP = NO;
				GCC_C_LANGUAGE_STANDARD = gnu99;
				GCC_DYNAMIC_NO_PIC = NO;
				GCC_OPTIMIZATION_LEVEL = 0;
				GCC_PREPROCESSOR_DEFINITIONS = (
					"DEBUG=1",
					"$(inherited)",
				);
				GCC_SYMBOLS_PRIVATE_EXTERN = NO;
				GCC_WARN_ABOUT_RETURN_TYPE = YES;
				GCC_WARN_UNINITIALIZED_AUTOS = YES;
				GCC_WARN_UNUSED_VARIABLE = YES;
				IPHONEOS_DEPLOYMENT_TARGET = 6.1;
				ONLY_ACTIVE_ARCH = YES;
				SDKROOT = iphoneos;
				TARGETED_DEVICE_FAMILY = "1,2";
			};
			name = Debug;
		};
		3CDC0EE61788B9F700545601 /* Release */ = {
			isa = XCBuildConfiguration;
			buildSettings = {
				ALWAYS_SEARCH_USER_PATHS = NO;
				CLANG_CXX_LANGUAGE_STANDARD = "gnu++0x";
				CLANG_CXX_LIBRARY = "libc++";
				CLANG_WARN_CONSTANT_CONVERSION = YES;
				CLANG_WARN_EMPTY_BODY = YES;
				CLANG_WARN_ENUM_CONVERSION = YES;
				CLANG_WARN_INT_CONVERSION = YES;
				CLANG_WARN__DUPLICATE_METHOD_MATCH = YES;
				"CODE_SIGN_IDENTITY[sdk=iphoneos*]" = "iPhone Developer";
				COPY_PHASE_STRIP = YES;
				GCC_C_LANGUAGE_STANDARD = gnu99;
				GCC_WARN_ABOUT_RETURN_TYPE = YES;
				GCC_WARN_UNINITIALIZED_AUTOS = YES;
				GCC_WARN_UNUSED_VARIABLE = YES;
				IPHONEOS_DEPLOYMENT_TARGET = 6.1;
				OTHER_CFLAGS = "-DNS_BLOCK_ASSERTIONS=1";
				SDKROOT = iphoneos;
				TARGETED_DEVICE_FAMILY = "1,2";
				VALIDATE_PRODUCT = YES;
			};
			name = Release;
		};
		3CDC0EE81788B9F700545601 /* Debug */ = {
			isa = XCBuildConfiguration;
			buildSettings = {
				CLANG_ENABLE_OBJC_ARC = YES;
				GCC_PRECOMPILE_PREFIX_HEADER = YES;
				GCC_PREFIX_HEADER = "NSDisplayLinkUpdateLoopDemo/NSDisplayLinkUpdateLoopDemo-Prefix.pch";
				INFOPLIST_FILE = "$(SRCROOT)/NSDisplayLinkUpdateLoopDemo/NSDisplayLinkUpdateLoopDemo-Info.plist";
				PRODUCT_NAME = "$(TARGET_NAME)";
				WRAPPER_EXTENSION = app;
			};
			name = Debug;
		};
		3CDC0EE91788B9F700545601 /* Release */ = {
			isa = XCBuildConfiguration;
			buildSettings = {
				CLANG_ENABLE_OBJC_ARC = YES;
				GCC_PRECOMPILE_PREFIX_HEADER = YES;
				GCC_PREFIX_HEADER = "NSDisplayLinkUpdateLoopDemo/NSDisplayLinkUpdateLoopDemo-Prefix.pch";
				INFOPLIST_FILE = "$(SRCROOT)/NSDisplayLinkUpdateLoopDemo/NSDisplayLinkUpdateLoopDemo-Info.plist";
				PRODUCT_NAME = "$(TARGET_NAME)";
				WRAPPER_EXTENSION = app;
			};
			name = Release;
		};
/* End XCBuildConfiguration section */

/* Begin XCConfigurationList section */
		3C8E478F178A1C7B002077B4 /* Build configuration list for PBXNativeTarget "NSDisplayLinkUpdateLoopTest_CommandLine" */ = {
			isa = XCConfigurationList;
			buildConfigurations = (
				3C8E4790178A1C7B002077B4 /* Debug */,
				3C8E4791178A1C7B002077B4 /* Release */,
			);
			defaultConfigurationIsVisible = 0;
			defaultConfigurationName = Release;
		};
		3CD3B6871789573F00AC3134 /* Build configuration list for PBXNativeTarget "NSDisplayLinkUpdateLoopTest_ScreenAvailable" */ = {
			isa = XCConfigurationList;
			buildConfigurations = (
				3CD3B6851789573F00AC3134 /* Debug */,
				3CD3B6861789573F00AC3134 /* Release */,
			);
			defaultConfigurationIsVisible = 0;
			defaultConfigurationName = Release;
		};
		3CDC0EBC1788B9F700545601 /* Build configuration list for PBXProject "NSDisplayLinkUpdateLoopDemo" */ = {
			isa = XCConfigurationList;
			buildConfigurations = (
				3CDC0EE51788B9F700545601 /* Debug */,
				3CDC0EE61788B9F700545601 /* Release */,
			);
			defaultConfigurationIsVisible = 0;
			defaultConfigurationName = Release;
		};
		3CDC0EE71788B9F700545601 /* Build configuration list for PBXNativeTarget "NSDisplayLinkUpdateLoopDemo" */ = {
			isa = XCConfigurationList;
			buildConfigurations = (
				3CDC0EE81788B9F700545601 /* Debug */,
				3CDC0EE91788B9F700545601 /* Release */,
			);
			defaultConfigurationIsVisible = 0;
			defaultConfigurationName = Release;
		};
/* End XCConfigurationList section */
	};
	rootObject = 3CDC0EB91788B9F700545601 /* Project object */;
}
